// !$*UTF8*$!
{
	archiveVersion = 1;
	classes = {
	};
	objectVersion = 46;
	objects = {

/* Begin PBXBuildFile section */
		8E81AB001E6F0C9F00E5373A /* AppDelegate.swift in Sources */ = {isa = PBXBuildFile; fileRef = 8E81AAFF1E6F0C9F00E5373A /* AppDelegate.swift */; };
		8E81AB021E6F0C9F00E5373A /* ViewController.swift in Sources */ = {isa = PBXBuildFile; fileRef = 8E81AB011E6F0C9F00E5373A /* ViewController.swift */; };
		8E81AB051E6F0C9F00E5373A /* Main.storyboard in Resources */ = {isa = PBXBuildFile; fileRef = 8E81AB031E6F0C9F00E5373A /* Main.storyboard */; };
		8E81AB071E6F0C9F00E5373A /* Assets.xcassets in Resources */ = {isa = PBXBuildFile; fileRef = 8E81AB061E6F0C9F00E5373A /* Assets.xcassets */; };
		8E81AB0A1E6F0C9F00E5373A /* LaunchScreen.storyboard in Resources */ = {isa = PBXBuildFile; fileRef = 8E81AB081E6F0C9F00E5373A /* LaunchScreen.storyboard */; };
		8E81AB121E6F145600E5373A /* pokemon.csv in Resources */ = {isa = PBXBuildFile; fileRef = 8E81AB111E6F145600E5373A /* pokemon.csv */; };
		8E81AB151E6F15FD00E5373A /* Pokemon.swift in Sources */ = {isa = PBXBuildFile; fileRef = 8E81AB141E6F15FD00E5373A /* Pokemon.swift */; };
/* End PBXBuildFile section */

/* Begin PBXFileReference section */
		8E81AAFC1E6F0C9F00E5373A /* PokeDex.app */ = {isa = PBXFileReference; explicitFileType = wrapper.application; includeInIndex = 0; path = PokeDex.app; sourceTree = BUILT_PRODUCTS_DIR; };
		8E81AAFF1E6F0C9F00E5373A /* AppDelegate.swift */ = {isa = PBXFileReference; lastKnownFileType = sourcecode.swift; path = AppDelegate.swift; sourceTree = "<group>"; };
		8E81AB011E6F0C9F00E5373A /* ViewController.swift */ = {isa = PBXFileReference; lastKnownFileType = sourcecode.swift; path = ViewController.swift; sourceTree = "<group>"; };
		8E81AB041E6F0C9F00E5373A /* Base */ = {isa = PBXFileReference; lastKnownFileType = file.storyboard; name = Base; path = Base.lproj/Main.storyboard; sourceTree = "<group>"; };
		8E81AB061E6F0C9F00E5373A /* Assets.xcassets */ = {isa = PBXFileReference; lastKnownFileType = folder.assetcatalog; path = Assets.xcassets; sourceTree = "<group>"; };
		8E81AB091E6F0C9F00E5373A /* Base */ = {isa = PBXFileReference; lastKnownFileType = file.storyboard; name = Base; path = Base.lproj/LaunchScreen.storyboard; sourceTree = "<group>"; };
		8E81AB0B1E6F0C9F00E5373A /* Info.plist */ = {isa = PBXFileReference; lastKnownFileType = text.plist.xml; path = Info.plist; sourceTree = "<group>"; };
		8E81AB111E6F145600E5373A /* pokemon.csv */ = {isa = PBXFileReference; fileEncoding = 4; lastKnownFileType = text; path = pokemon.csv; sourceTree = "<group>"; };
		8E81AB141E6F15FD00E5373A /* Pokemon.swift */ = {isa = PBXFileReference; fileEncoding = 4; lastKnownFileType = sourcecode.swift; path = Pokemon.swift; sourceTree = "<group>"; };
/* End PBXFileReference section */

/* Begin PBXFrameworksBuildPhase section */
		8E81AAF91E6F0C9F00E5373A /* Frameworks */ = {
			isa = PBXFrameworksBuildPhase;
			buildActionMask = 2147483647;
			files = (
			);
			runOnlyForDeploymentPostprocessing = 0;
		};
/* End PBXFrameworksBuildPhase section */

/* Begin PBXGroup section */
		8E81AAF31E6F0C9F00E5373A = {
			isa = PBXGroup;
			children = (
				8E81AAFE1E6F0C9F00E5373A /* PokeDex */,
				8E81AAFD1E6F0C9F00E5373A /* Products */,
			);
			sourceTree = "<group>";
		};
		8E81AAFD1E6F0C9F00E5373A /* Products */ = {
			isa = PBXGroup;
			children = (
				8E81AAFC1E6F0C9F00E5373A /* PokeDex.app */,
			);
			name = Products;
			sourceTree = "<group>";
		};
		8E81AAFE1E6F0C9F00E5373A /* PokeDex */ = {
			isa = PBXGroup;
			children = (
				8E81AB131E6F15E800E5373A /* Model */,
				8E81AAFF1E6F0C9F00E5373A /* AppDelegate.swift */,
				8E81AB011E6F0C9F00E5373A /* ViewController.swift */,
				8E81AB031E6F0C9F00E5373A /* Main.storyboard */,
				8E81AB061E6F0C9F00E5373A /* Assets.xcassets */,
				8E81AB111E6F145600E5373A /* pokemon.csv */,
				8E81AB081E6F0C9F00E5373A /* LaunchScreen.storyboard */,
				8E81AB0B1E6F0C9F00E5373A /* Info.plist */,
			);
			path = PokeDex;
			sourceTree = "<group>";
		};
		8E81AB131E6F15E800E5373A /* Model */ = {
			isa = PBXGroup;
			children = (
				8E81AB141E6F15FD00E5373A /* Pokemon.swift */,
			);
			name = Model;
			sourceTree = "<group>";
		};
/* End PBXGroup section */

/* Begin PBXNativeTarget section */
		8E81AAFB1E6F0C9F00E5373A /* PokeDex */ = {
			isa = PBXNativeTarget;
			buildConfigurationList = 8E81AB0E1E6F0C9F00E5373A /* Build configuration list for PBXNativeTarget "PokeDex" */;
			buildPhases = (
				8E81AAF81E6F0C9F00E5373A /* Sources */,
				8E81AAF91E6F0C9F00E5373A /* Frameworks */,
				8E81AAFA1E6F0C9F00E5373A /* Resources */,
			);
			buildRules = (
			);
			dependencies = (
			);
			name = PokeDex;
			productName = PokeDex;
			productReference = 8E81AAFC1E6F0C9F00E5373A /* PokeDex.app */;
			productType = "com.apple.product-type.application";
		};
/* End PBXNativeTarget section */

/* Begin PBXProject section */
		8E81AAF41E6F0C9F00E5373A /* Project object */ = {
			isa = PBXProject;
			attributes = {
				LastSwiftUpdateCheck = 0820;
				LastUpgradeCheck = 0820;
				ORGANIZATIONNAME = "Mike Barone";
				TargetAttributes = {
					8E81AAFB1E6F0C9F00E5373A = {
						CreatedOnToolsVersion = 8.2.1;
						DevelopmentTeam = X73JUB2RD6;
						ProvisioningStyle = Automatic;
					};
				};
			};
			buildConfigurationList = 8E81AAF71E6F0C9F00E5373A /* Build configuration list for PBXProject "PokeDex" */;
			compatibilityVersion = "Xcode 3.2";
			developmentRegion = English;
			hasScannedForEncodings = 0;
			knownRegions = (
				en,
				Base,
			);
			mainGroup = 8E81AAF31E6F0C9F00E5373A;
			productRefGroup = 8E81AAFD1E6F0C9F00E5373A /* Products */;
			projectDirPath = "";
			projectRoot = "";
			targets = (
				8E81AAFB1E6F0C9F00E5373A /* PokeDex */,
			);
		};
/* End PBXProject section */

/* Begin PBXResourcesBuildPhase section */
		8E81AAFA1E6F0C9F00E5373A /* Resources */ = {
			isa = PBXResourcesBuildPhase;
			buildActionMask = 2147483647;
			files = (
				8E81AB0A1E6F0C9F00E5373A /* LaunchScreen.storyboard in Resources */,
				8E81AB071E6F0C9F00E5373A /* Assets.xcassets in Resources */,
				8E81AB121E6F145600E5373A /* pokemon.csv in Resources */,
				8E81AB051E6F0C9F00E5373A /* Main.storyboard in Resources */,
			);
			runOnlyForDeploymentPostprocessing = 0;
		};
/* End PBXResourcesBuildPhase section */

/* Begin PBXSourcesBuildPhase section */
		8E81AAF81E6F0C9F00E5373A /* Sources */ = {
			isa = PBXSourcesBuildPhase;
			buildActionMask = 2147483647;
			files = (
				8E81AB021E6F0C9F00E5373A /* ViewController.swift in Sources */,
				8E81AB001E6F0C9F00E5373A /* AppDelegate.swift in Sources */,
				8E81AB151E6F15FD00E5373A /* Pokemon.swift in Sources */,
			);
			runOnlyForDeploymentPostprocessing = 0;
		};
/* End PBXSourcesBuildPhase section */

/* Begin PBXVariantGroup section */
		8E81AB031E6F0C9F00E5373A /* Main.storyboard */ = {
			isa = PBXVariantGroup;
			children = (
				8E81AB041E6F0C9F00E5373A /* Base */,
			);
			name = Main.storyboard;
			sourceTree = "<group>";
		};
		8E81AB081E6F0C9F00E5373A /* LaunchScreen.storyboard */ = {
			isa = PBXVariantGroup;
			children = (
				8E81AB091E6F0C9F00E5373A /* Base */,
			);
			name = LaunchScreen.storyboard;
			sourceTree = "<group>";
		};
/* End PBXVariantGroup section */

/* Begin XCBuildConfiguration section */
		8E81AB0C1E6F0C9F00E5373A /* Debug */ = {
			isa = XCBuildConfiguration;
			buildSettings = {
				ALWAYS_SEARCH_USER_PATHS = NO;
				CLANG_ANALYZER_NONNULL = YES;
				CLANG_CXX_LANGUAGE_STANDARD = "gnu++0x";
				CLANG_CXX_LIBRARY = "libc++";
				CLANG_ENABLE_MODULES = YES;
				CLANG_ENABLE_OBJC_ARC = YES;
				CLANG_WARN_BOOL_CONVERSION = YES;
				CLANG_WARN_CONSTANT_CONVERSION = YES;
				CLANG_WARN_DIRECT_OBJC_ISA_USAGE = YES_ERROR;
				CLANG_WARN_DOCUMENTATION_COMMENTS = YES;
				CLANG_WARN_EMPTY_BODY = YES;
				CLANG_WARN_ENUM_CONVERSION = YES;
				CLANG_WARN_INFINITE_RECURSION = YES;
				CLANG_WARN_INT_CONVERSION = YES;
				CLANG_WARN_OBJC_ROOT_CLASS = YES_ERROR;
				CLANG_WARN_SUSPICIOUS_MOVE = YES;
				CLANG_WARN_UNREACHABLE_CODE = YES;
				CLANG_WARN__DUPLICATE_METHOD_MATCH = YES;
				"CODE_SIGN_IDENTITY[sdk=iphoneos*]" = "iPhone Developer";
				COPY_PHASE_STRIP = NO;
				DEBUG_INFORMATION_FORMAT = dwarf;
				ENABLE_STRICT_OBJC_MSGSEND = YES;
				ENABLE_TESTABILITY = YES;
				GCC_C_LANGUAGE_STANDARD = gnu99;
				GCC_DYNAMIC_NO_PIC = NO;
				GCC_NO_COMMON_BLOCKS = YES;
				GCC_OPTIMIZATION_LEVEL = 0;
				GCC_PREPROCESSOR_DEFINITIONS = (
					"DEBUG=1",
					"$(inherited)",
				);
				GCC_WARN_64_TO_32_BIT_CONVERSION = YES;
				GCC_WARN_ABOUT_RETURN_TYPE = YES_ERROR;
				GCC_WARN_UNDECLARED_SELECTOR = YES;
				GCC_WARN_UNINITIALIZED_AUTOS = YES_AGGRESSIVE;
				GCC_WARN_UNUSED_FUNCTION = YES;
				GCC_WARN_UNUSED_VARIABLE = YES;
				IPHONEOS_DEPLOYMENT_TARGET = 10.2;
				MTL_ENABLE_DEBUG_INFO = YES;
				ONLY_ACTIVE_ARCH = YES;
				SDKROOT = iphoneos;
				SWIFT_ACTIVE_COMPILATION_CONDITIONS = DEBUG;
				SWIFT_OPTIMIZATION_LEVEL = "-Onone";
				TARGETED_DEVICE_FAMILY = "1,2";
			};
			name = Debug;
		};
		8E81AB0D1E6F0C9F00E5373A /* Release */ = {
			isa = XCBuildConfiguration;
			buildSettings = {
				ALWAYS_SEARCH_USER_PATHS = NO;
				CLANG_ANALYZER_NONNULL = YES;
				CLANG_CXX_LANGUAGE_STANDARD = "gnu++0x";
				CLANG_CXX_LIBRARY = "libc++";
				CLANG_ENABLE_MODULES = YES;
				CLANG_ENABLE_OBJC_ARC = YES;
				CLANG_WARN_BOOL_CONVERSION = YES;
				CLANG_WARN_CONSTANT_CONVERSION = YES;
				CLANG_WARN_DIRECT_OBJC_ISA_USAGE = YES_ERROR;
				CLANG_WARN_DOCUMENTATION_COMMENTS = YES;
				CLANG_WARN_EMPTY_BODY = YES;
				CLANG_WARN_ENUM_CONVERSION = YES;
				CLANG_WARN_INFINITE_RECURSION = YES;
				CLANG_WARN_INT_CONVERSION = YES;
				CLANG_WARN_OBJC_ROOT_CLASS = YES_ERROR;
				CLANG_WARN_SUSPICIOUS_MOVE = YES;
				CLANG_WARN_UNREACHABLE_CODE = YES;
				CLANG_WARN__DUPLICATE_METHOD_MATCH = YES;
				"CODE_SIGN_IDENTITY[sdk=iphoneos*]" = "iPhone Developer";
				COPY_PHASE_STRIP = NO;
				DEBUG_INFORMATION_FORMAT = "dwarf-with-dsym";
				ENABLE_NS_ASSERTIONS = NO;
				ENABLE_STRICT_OBJC_MSGSEND = YES;
				GCC_C_LANGUAGE_STANDARD = gnu99;
				GCC_NO_COMMON_BLOCKS = YES;
				GCC_WARN_64_TO_32_BIT_CONVERSION = YES;
				GCC_WARN_ABOUT_RETURN_TYPE = YES_ERROR;
				GCC_WARN_UNDECLARED_SELECTOR = YES;
				GCC_WARN_UNINITIALIZED_AUTOS = YES_AGGRESSIVE;
				GCC_WARN_UNUSED_FUNCTION = YES;
				GCC_WARN_UNUSED_VARIABLE = YES;
				IPHONEOS_DEPLOYMENT_TARGET = 10.2;
				MTL_ENABLE_DEBUG_INFO = NO;
				SDKROOT = iphoneos;
				SWIFT_OPTIMIZATION_LEVEL = "-Owholemodule";
				TARGETED_DEVICE_FAMILY = "1,2";
				VALIDATE_PRODUCT = YES;
			};
			name = Release;
		};
		8E81AB0F1E6F0C9F00E5373A /* Debug */ = {
			isa = XCBuildConfiguration;
			buildSettings = {
				ASSETCATALOG_COMPILER_APPICON_NAME = AppIcon;
				DEVELOPMENT_TEAM = X73JUB2RD6;
				INFOPLIST_FILE = PokeDex/Info.plist;
				LD_RUNPATH_SEARCH_PATHS = "$(inherited) @executable_path/Frameworks";
				PRODUCT_BUNDLE_IDENTIFIER = com.mikebarone.PokeDex;
				PRODUCT_NAME = "$(TARGET_NAME)";
				SWIFT_VERSION = 3.0;
			};
			name = Debug;
		};
		8E81AB101E6F0C9F00E5373A /* Release */ = {
			isa = XCBuildConfiguration;
			buildSettings = {
				ASSETCATALOG_COMPILER_APPICON_NAME = AppIcon;
				DEVELOPMENT_TEAM = X73JUB2RD6;
				INFOPLIST_FILE = PokeDex/Info.plist;
				LD_RUNPATH_SEARCH_PATHS = "$(inherited) @executable_path/Frameworks";
				PRODUCT_BUNDLE_IDENTIFIER = com.mikebarone.PokeDex;
				PRODUCT_NAME = "$(TARGET_NAME)";
				SWIFT_VERSION = 3.0;
			};
			name = Release;
		};
/* End XCBuildConfiguration section */

/* Begin XCConfigurationList section */
		8E81AAF71E6F0C9F00E5373A /* Build configuration list for PBXProject "PokeDex" */ = {
			isa = XCConfigurationList;
			buildConfigurations = (
				8E81AB0C1E6F0C9F00E5373A /* Debug */,
				8E81AB0D1E6F0C9F00E5373A /* Release */,
			);
			defaultConfigurationIsVisible = 0;
			defaultConfigurationName = Release;
		};
		8E81AB0E1E6F0C9F00E5373A /* Build configuration list for PBXNativeTarget "PokeDex" */ = {
			isa = XCConfigurationList;
			buildConfigurations = (
				8E81AB0F1E6F0C9F00E5373A /* Debug */,
				8E81AB101E6F0C9F00E5373A /* Release */,
			);
			defaultConfigurationIsVisible = 0;
		};
/* End XCConfigurationList section */
	};
	rootObject = 8E81AAF41E6F0C9F00E5373A /* Project object */;
}
